// !$*UTF8*$!
{
	archiveVersion = 1;
	classes = {
	};
	objectVersion = 46;
	objects = {

/* Begin PBXBuildFile section */
		FA37C19F1BEB21080030501C /* AppDelegate.swift in Sources */ = {isa = PBXBuildFile; fileRef = FA37C19E1BEB21080030501C /* AppDelegate.swift */; };
		FA37C1A11BEB21080030501C /* ViewController.swift in Sources */ = {isa = PBXBuildFile; fileRef = FA37C1A01BEB21080030501C /* ViewController.swift */; };
		FA37C1A41BEB21080030501C /* Main.storyboard in Resources */ = {isa = PBXBuildFile; fileRef = FA37C1A21BEB21080030501C /* Main.storyboard */; };
		FA37C1A61BEB21080030501C /* Assets.xcassets in Resources */ = {isa = PBXBuildFile; fileRef = FA37C1A51BEB21080030501C /* Assets.xcassets */; };
		FA37C1A91BEB21080030501C /* LaunchScreen.storyboard in Resources */ = {isa = PBXBuildFile; fileRef = FA37C1A71BEB21080030501C /* LaunchScreen.storyboard */; };
		FA37C1B41BEB21080030501C /* CalculatorTests.swift in Sources */ = {isa = PBXBuildFile; fileRef = FA37C1B31BEB21080030501C /* CalculatorTests.swift */; };
		FA37C1BF1BEB21080030501C /* CalculatorUITests.swift in Sources */ = {isa = PBXBuildFile; fileRef = FA37C1BE1BEB21080030501C /* CalculatorUITests.swift */; };
/* End PBXBuildFile section */

/* Begin PBXContainerItemProxy section */
		FA37C1B01BEB21080030501C /* PBXContainerItemProxy */ = {
			isa = PBXContainerItemProxy;
			containerPortal = FA37C1931BEB21080030501C /* Project object */;
			proxyType = 1;
			remoteGlobalIDString = FA37C19A1BEB21080030501C;
			remoteInfo = Calculator;
		};
		FA37C1BB1BEB21080030501C /* PBXContainerItemProxy */ = {
			isa = PBXContainerItemProxy;
			containerPortal = FA37C1931BEB21080030501C /* Project object */;
			proxyType = 1;
			remoteGlobalIDString = FA37C19A1BEB21080030501C;
			remoteInfo = Calculator;
		};
/* End PBXContainerItemProxy section */

/* Begin PBXFileReference section */
		FA37C19B1BEB21080030501C /* Calculator.app */ = {isa = PBXFileReference; explicitFileType = wrapper.application; includeInIndex = 0; path = Calculator.app; sourceTree = BUILT_PRODUCTS_DIR; };
		FA37C19E1BEB21080030501C /* AppDelegate.swift */ = {isa = PBXFileReference; lastKnownFileType = sourcecode.swift; path = AppDelegate.swift; sourceTree = "<group>"; };
		FA37C1A01BEB21080030501C /* ViewController.swift */ = {isa = PBXFileReference; lastKnownFileType = sourcecode.swift; path = ViewController.swift; sourceTree = "<group>"; };
		FA37C1A31BEB21080030501C /* Base */ = {isa = PBXFileReference; lastKnownFileType = file.storyboard; name = Base; path = Base.lproj/Main.storyboard; sourceTree = "<group>"; };
		FA37C1A51BEB21080030501C /* Assets.xcassets */ = {isa = PBXFileReference; lastKnownFileType = folder.assetcatalog; path = Assets.xcassets; sourceTree = "<group>"; };
		FA37C1A81BEB21080030501C /* Base */ = {isa = PBXFileReference; lastKnownFileType = file.storyboard; name = Base; path = Base.lproj/LaunchScreen.storyboard; sourceTree = "<group>"; };
		FA37C1AA1BEB21080030501C /* Info.plist */ = {isa = PBXFileReference; lastKnownFileType = text.plist.xml; path = Info.plist; sourceTree = "<group>"; };
		FA37C1AF1BEB21080030501C /* CalculatorTests.xctest */ = {isa = PBXFileReference; explicitFileType = wrapper.cfbundle; includeInIndex = 0; path = CalculatorTests.xctest; sourceTree = BUILT_PRODUCTS_DIR; };
		FA37C1B31BEB21080030501C /* CalculatorTests.swift */ = {isa = PBXFileReference; lastKnownFileType = sourcecode.swift; path = CalculatorTests.swift; sourceTree = "<group>"; };
		FA37C1B51BEB21080030501C /* Info.plist */ = {isa = PBXFileReference; lastKnownFileType = text.plist.xml; path = Info.plist; sourceTree = "<group>"; };
		FA37C1BA1BEB21080030501C /* CalculatorUITests.xctest */ = {isa = PBXFileReference; explicitFileType = wrapper.cfbundle; includeInIndex = 0; path = CalculatorUITests.xctest; sourceTree = BUILT_PRODUCTS_DIR; };
		FA37C1BE1BEB21080030501C /* CalculatorUITests.swift */ = {isa = PBXFileReference; lastKnownFileType = sourcecode.swift; path = CalculatorUITests.swift; sourceTree = "<group>"; };
		FA37C1C01BEB21080030501C /* Info.plist */ = {isa = PBXFileReference; lastKnownFileType = text.plist.xml; path = Info.plist; sourceTree = "<group>"; };
/* End PBXFileReference section */

/* Begin PBXFrameworksBuildPhase section */
		FA37C1981BEB21080030501C /* Frameworks */ = {
			isa = PBXFrameworksBuildPhase;
			buildActionMask = 2147483647;
			files = (
			);
			runOnlyForDeploymentPostprocessing = 0;
		};
		FA37C1AC1BEB21080030501C /* Frameworks */ = {
			isa = PBXFrameworksBuildPhase;
			buildActionMask = 2147483647;
			files = (
			);
			runOnlyForDeploymentPostprocessing = 0;
		};
		FA37C1B71BEB21080030501C /* Frameworks */ = {
			isa = PBXFrameworksBuildPhase;
			buildActionMask = 2147483647;
			files = (
			);
			runOnlyForDeploymentPostprocessing = 0;
		};
/* End PBXFrameworksBuildPhase section */

/* Begin PBXGroup section */
		FA37C1921BEB21080030501C = {
			isa = PBXGroup;
			children = (
				FA37C19D1BEB21080030501C /* Calculator */,
				FA37C1B21BEB21080030501C /* CalculatorTests */,
				FA37C1BD1BEB21080030501C /* CalculatorUITests */,
				FA37C19C1BEB21080030501C /* Products */,
			);
			sourceTree = "<group>";
		};
		FA37C19C1BEB21080030501C /* Products */ = {
			isa = PBXGroup;
			children = (
				FA37C19B1BEB21080030501C /* Calculator.app */,
				FA37C1AF1BEB21080030501C /* CalculatorTests.xctest */,
				FA37C1BA1BEB21080030501C /* CalculatorUITests.xctest */,
			);
			name = Products;
			sourceTree = "<group>";
		};
		FA37C19D1BEB21080030501C /* Calculator */ = {
			isa = PBXGroup;
			children = (
				FA37C19E1BEB21080030501C /* AppDelegate.swift */,
				FA37C1A01BEB21080030501C /* ViewController.swift */,
				FA37C1A21BEB21080030501C /* Main.storyboard */,
				FA37C1A51BEB21080030501C /* Assets.xcassets */,
				FA37C1A71BEB21080030501C /* LaunchScreen.storyboard */,
				FA37C1AA1BEB21080030501C /* Info.plist */,
			);
			path = Calculator;
			sourceTree = "<group>";
		};
		FA37C1B21BEB21080030501C /* CalculatorTests */ = {
			isa = PBXGroup;
			children = (
				FA37C1B31BEB21080030501C /* CalculatorTests.swift */,
				FA37C1B51BEB21080030501C /* Info.plist */,
			);
			path = CalculatorTests;
			sourceTree = "<group>";
		};
		FA37C1BD1BEB21080030501C /* CalculatorUITests */ = {
			isa = PBXGroup;
			children = (
				FA37C1BE1BEB21080030501C /* CalculatorUITests.swift */,
				FA37C1C01BEB21080030501C /* Info.plist */,
			);
			path = CalculatorUITests;
			sourceTree = "<group>";
		};
/* End PBXGroup section */

/* Begin PBXNativeTarget section */
		FA37C19A1BEB21080030501C /* Calculator */ = {
			isa = PBXNativeTarget;
			buildConfigurationList = FA37C1C31BEB21080030501C /* Build configuration list for PBXNativeTarget "Calculator" */;
			buildPhases = (
				FA37C1971BEB21080030501C /* Sources */,
				FA37C1981BEB21080030501C /* Frameworks */,
				FA37C1991BEB21080030501C /* Resources */,
			);
			buildRules = (
			);
			dependencies = (
			);
			name = Calculator;
			productName = Calculator;
			productReference = FA37C19B1BEB21080030501C /* Calculator.app */;
			productType = "com.apple.product-type.application";
		};
		FA37C1AE1BEB21080030501C /* CalculatorTests */ = {
			isa = PBXNativeTarget;
			buildConfigurationList = FA37C1C61BEB21080030501C /* Build configuration list for PBXNativeTarget "CalculatorTests" */;
			buildPhases = (
				FA37C1AB1BEB21080030501C /* Sources */,
				FA37C1AC1BEB21080030501C /* Frameworks */,
				FA37C1AD1BEB21080030501C /* Resources */,
			);
			buildRules = (
			);
			dependencies = (
				FA37C1B11BEB21080030501C /* PBXTargetDependency */,
			);
			name = CalculatorTests;
			productName = CalculatorTests;
			productReference = FA37C1AF1BEB21080030501C /* CalculatorTests.xctest */;
			productType = "com.apple.product-type.bundle.unit-test";
		};
		FA37C1B91BEB21080030501C /* CalculatorUITests */ = {
			isa = PBXNativeTarget;
			buildConfigurationList = FA37C1C91BEB21080030501C /* Build configuration list for PBXNativeTarget "CalculatorUITests" */;
			buildPhases = (
				FA37C1B61BEB21080030501C /* Sources */,
				FA37C1B71BEB21080030501C /* Frameworks */,
				FA37C1B81BEB21080030501C /* Resources */,
			);
			buildRules = (
			);
			dependencies = (
				FA37C1BC1BEB21080030501C /* PBXTargetDependency */,
			);
			name = CalculatorUITests;
			productName = CalculatorUITests;
			productReference = FA37C1BA1BEB21080030501C /* CalculatorUITests.xctest */;
			productType = "com.apple.product-type.bundle.ui-testing";
		};
/* End PBXNativeTarget section */

/* Begin PBXProject section */
		FA37C1931BEB21080030501C /* Project object */ = {
			isa = PBXProject;
			attributes = {
				LastSwiftUpdateCheck = 0710;
				LastUpgradeCheck = 0710;
				ORGANIZATIONNAME = "Alexander Besson";
				TargetAttributes = {
					FA37C19A1BEB21080030501C = {
						CreatedOnToolsVersion = 7.1;
					};
					FA37C1AE1BEB21080030501C = {
						CreatedOnToolsVersion = 7.1;
						TestTargetID = FA37C19A1BEB21080030501C;
					};
					FA37C1B91BEB21080030501C = {
						CreatedOnToolsVersion = 7.1;
						TestTargetID = FA37C19A1BEB21080030501C;
					};
				};
			};
			buildConfigurationList = FA37C1961BEB21080030501C /* Build configuration list for PBXProject "Calculator" */;
			compatibilityVersion = "Xcode 3.2";
			developmentRegion = English;
			hasScannedForEncodings = 0;
			knownRegions = (
				en,
				Base,
			);
			mainGroup = FA37C1921BEB21080030501C;
			productRefGroup = FA37C19C1BEB21080030501C /* Products */;
			projectDirPath = "";
			projectRoot = "";
			targets = (
				FA37C19A1BEB21080030501C /* Calculator */,
				FA37C1AE1BEB21080030501C /* CalculatorTests */,
				FA37C1B91BEB21080030501C /* CalculatorUITests */,
			);
		};
/* End PBXProject section */

/* Begin PBXResourcesBuildPhase section */
		FA37C1991BEB21080030501C /* Resources */ = {
			isa = PBXResourcesBuildPhase;
			buildActionMask = 2147483647;
			files = (
				FA37C1A91BEB21080030501C /* LaunchScreen.storyboard in Resources */,
				FA37C1A61BEB21080030501C /* Assets.xcassets in Resources */,
				FA37C1A41BEB21080030501C /* Main.storyboard in Resources */,
			);
			runOnlyForDeploymentPostprocessing = 0;
		};
		FA37C1AD1BEB21080030501C /* Resources */ = {
			isa = PBXResourcesBuildPhase;
			buildActionMask = 2147483647;
			files = (
			);
			runOnlyForDeploymentPostprocessing = 0;
		};
		FA37C1B81BEB21080030501C /* Resources */ = {
			isa = PBXResourcesBuildPhase;
			buildActionMask = 2147483647;
			files = (
			);
			runOnlyForDeploymentPostprocessing = 0;
		};
/* End PBXResourcesBuildPhase section */

/* Begin PBXSourcesBuildPhase section */
		FA37C1971BEB21080030501C /* Sources */ = {
			isa = PBXSourcesBuildPhase;
			buildActionMask = 2147483647;
			files = (
				FA37C1A11BEB21080030501C /* ViewController.swift in Sources */,
				FA37C19F1BEB21080030501C /* AppDelegate.swift in Sources */,
			);
			runOnlyForDeploymentPostprocessing = 0;
		};
		FA37C1AB1BEB21080030501C /* Sources */ = {
			isa = PBXSourcesBuildPhase;
			buildActionMask = 2147483647;
			files = (
				FA37C1B41BEB21080030501C /* CalculatorTests.swift in Sources */,
			);
			runOnlyForDeploymentPostprocessing = 0;
		};
		FA37C1B61BEB21080030501C /* Sources */ = {
			isa = PBXSourcesBuildPhase;
			buildActionMask = 2147483647;
			files = (
				FA37C1BF1BEB21080030501C /* CalculatorUITests.swift in Sources */,
			);
			runOnlyForDeploymentPostprocessing = 0;
		};
/* End PBXSourcesBuildPhase section */

/* Begin PBXTargetDependency section */
		FA37C1B11BEB21080030501C /* PBXTargetDependency */ = {
			isa = PBXTargetDependency;
			target = FA37C19A1BEB21080030501C /* Calculator */;
			targetProxy = FA37C1B01BEB21080030501C /* PBXContainerItemProxy */;
		};
		FA37C1BC1BEB21080030501C /* PBXTargetDependency */ = {
			isa = PBXTargetDependency;
			target = FA37C19A1BEB21080030501C /* Calculator */;
			targetProxy = FA37C1BB1BEB21080030501C /* PBXContainerItemProxy */;
		};
/* End PBXTargetDependency section */

/* Begin PBXVariantGroup section */
		FA37C1A21BEB21080030501C /* Main.storyboard */ = {
			isa = PBXVariantGroup;
			children = (
				FA37C1A31BEB21080030501C /* Base */,
			);
			name = Main.storyboard;
			sourceTree = "<group>";
		};
		FA37C1A71BEB21080030501C /* LaunchScreen.storyboard */ = {
			isa = PBXVariantGroup;
			children = (
				FA37C1A81BEB21080030501C /* Base */,
			);
			name = LaunchScreen.storyboard;
			sourceTree = "<group>";
		};
/* End PBXVariantGroup section */

/* Begin XCBuildConfiguration section */
		FA37C1C11BEB21080030501C /* Debug */ = {
			isa = XCBuildConfiguration;
			buildSettings = {
				ALWAYS_SEARCH_USER_PATHS = NO;
				CLANG_CXX_LANGUAGE_STANDARD = "gnu++0x";
				CLANG_CXX_LIBRARY = "libc++";
				CLANG_ENABLE_MODULES = YES;
				CLANG_ENABLE_OBJC_ARC = YES;
				CLANG_WARN_BOOL_CONVERSION = YES;
				CLANG_WARN_CONSTANT_CONVERSION = YES;
				CLANG_WARN_DIRECT_OBJC_ISA_USAGE = YES_ERROR;
				CLANG_WARN_EMPTY_BODY = YES;
				CLANG_WARN_ENUM_CONVERSION = YES;
				CLANG_WARN_INT_CONVERSION = YES;
				CLANG_WARN_OBJC_ROOT_CLASS = YES_ERROR;
				CLANG_WARN_UNREACHABLE_CODE = YES;
				CLANG_WARN__DUPLICATE_METHOD_MATCH = YES;
				"CODE_SIGN_IDENTITY[sdk=iphoneos*]" = "iPhone Developer";
				COPY_PHASE_STRIP = NO;
				DEBUG_INFORMATION_FORMAT = dwarf;
				ENABLE_STRICT_OBJC_MSGSEND = YES;
				ENABLE_TESTABILITY = YES;
				GCC_C_LANGUAGE_STANDARD = gnu99;
				GCC_DYNAMIC_NO_PIC = NO;
				GCC_NO_COMMON_BLOCKS = YES;
				GCC_OPTIMIZATION_LEVEL = 0;
				GCC_PREPROCESSOR_DEFINITIONS = (
					"DEBUG=1",
					"$(inherited)",
				);
				GCC_WARN_64_TO_32_BIT_CONVERSION = YES;
				GCC_WARN_ABOUT_RETURN_TYPE = YES_ERROR;
				GCC_WARN_UNDECLARED_SELECTOR = YES;
				GCC_WARN_UNINITIALIZED_AUTOS = YES_AGGRESSIVE;
				GCC_WARN_UNUSED_FUNCTION = YES;
				GCC_WARN_UNUSED_VARIABLE = YES;
				IPHONEOS_DEPLOYMENT_TARGET = 9.1;
				MTL_ENABLE_DEBUG_INFO = YES;
				ONLY_ACTIVE_ARCH = YES;
				SDKROOT = iphoneos;
				SWIFT_OPTIMIZATION_LEVEL = "-Onone";
			};
			name = Debug;
		};
		FA37C1C21BEB21080030501C /* Release */ = {
			isa = XCBuildConfiguration;
			buildSettings = {
				ALWAYS_SEARCH_USER_PATHS = NO;
				CLANG_CXX_LANGUAGE_STANDARD = "gnu++0x";
				CLANG_CXX_LIBRARY = "libc++";
				CLANG_ENABLE_MODULES = YES;
				CLANG_ENABLE_OBJC_ARC = YES;
				CLANG_WARN_BOOL_CONVERSION = YES;
				CLANG_WARN_CONSTANT_CONVERSION = YES;
				CLANG_WARN_DIRECT_OBJC_ISA_USAGE = YES_ERROR;
				CLANG_WARN_EMPTY_BODY = YES;
				CLANG_WARN_ENUM_CONVERSION = YES;
				CLANG_WARN_INT_CONVERSION = YES;
				CLANG_WARN_OBJC_ROOT_CLASS = YES_ERROR;
				CLANG_WARN_UNREACHABLE_CODE = YES;
				CLANG_WARN__DUPLICATE_METHOD_MATCH = YES;
				"CODE_SIGN_IDENTITY[sdk=iphoneos*]" = "iPhone Developer";
				COPY_PHASE_STRIP = NO;
				DEBUG_INFORMATION_FORMAT = "dwarf-with-dsym";
				ENABLE_NS_ASSERTIONS = NO;
				ENABLE_STRICT_OBJC_MSGSEND = YES;
				GCC_C_LANGUAGE_STANDARD = gnu99;
				GCC_NO_COMMON_BLOCKS = YES;
				GCC_WARN_64_TO_32_BIT_CONVERSION = YES;
				GCC_WARN_ABOUT_RETURN_TYPE = YES_ERROR;
				GCC_WARN_UNDECLARED_SELECTOR = YES;
				GCC_WARN_UNINITIALIZED_AUTOS = YES_AGGRESSIVE;
				GCC_WARN_UNUSED_FUNCTION = YES;
				GCC_WARN_UNUSED_VARIABLE = YES;
				IPHONEOS_DEPLOYMENT_TARGET = 9.1;
				MTL_ENABLE_DEBUG_INFO = NO;
				SDKROOT = iphoneos;
				VALIDATE_PRODUCT = YES;
			};
			name = Release;
		};
		FA37C1C41BEB21080030501C /* Debug */ = {
			isa = XCBuildConfiguration;
			buildSettings = {
				ASSETCATALOG_COMPILER_APPICON_NAME = AppIcon;
				INFOPLIST_FILE = Calculator/Info.plist;
				LD_RUNPATH_SEARCH_PATHS = "$(inherited) @executable_path/Frameworks";
				PRODUCT_BUNDLE_IDENTIFIER = besson.Calculator;
				PRODUCT_NAME = "$(TARGET_NAME)";
			};
			name = Debug;
		};
		FA37C1C51BEB21080030501C /* Release */ = {
			isa = XCBuildConfiguration;
			buildSettings = {
				ASSETCATALOG_COMPILER_APPICON_NAME = AppIcon;
				INFOPLIST_FILE = Calculator/Info.plist;
				LD_RUNPATH_SEARCH_PATHS = "$(inherited) @executable_path/Frameworks";
				PRODUCT_BUNDLE_IDENTIFIER = besson.Calculator;
				PRODUCT_NAME = "$(TARGET_NAME)";
			};
			name = Release;
		};
		FA37C1C71BEB21080030501C /* Debug */ = {
			isa = XCBuildConfiguration;
			buildSettings = {
				BUNDLE_LOADER = "$(TEST_HOST)";
				INFOPLIST_FILE = CalculatorTests/Info.plist;
				LD_RUNPATH_SEARCH_PATHS = "$(inherited) @executable_path/Frameworks @loader_path/Frameworks";
				PRODUCT_BUNDLE_IDENTIFIER = besson.CalculatorTests;
				PRODUCT_NAME = "$(TARGET_NAME)";
				TEST_HOST = "$(BUILT_PRODUCTS_DIR)/Calculator.app/Calculator";
			};
			name = Debug;
		};
		FA37C1C81BEB21080030501C /* Release */ = {
			isa = XCBuildConfiguration;
			buildSettings = {
				BUNDLE_LOADER = "$(TEST_HOST)";
				INFOPLIST_FILE = CalculatorTests/Info.plist;
				LD_RUNPATH_SEARCH_PATHS = "$(inherited) @executable_path/Frameworks @loader_path/Frameworks";
				PRODUCT_BUNDLE_IDENTIFIER = besson.CalculatorTests;
				PRODUCT_NAME = "$(TARGET_NAME)";
				TEST_HOST = "$(BUILT_PRODUCTS_DIR)/Calculator.app/Calculator";
			};
			name = Release;
		};
		FA37C1CA1BEB21080030501C /* Debug */ = {
			isa = XCBuildConfiguration;
			buildSettings = {
				INFOPLIST_FILE = CalculatorUITests/Info.plist;
				LD_RUNPATH_SEARCH_PATHS = "$(inherited) @executable_path/Frameworks @loader_path/Frameworks";
				PRODUCT_BUNDLE_IDENTIFIER = besson.CalculatorUITests;
				PRODUCT_NAME = "$(TARGET_NAME)";
				TEST_TARGET_NAME = Calculator;
				USES_XCTRUNNER = YES;
			};
			name = Debug;
		};
		FA37C1CB1BEB21080030501C /* Release */ = {
			isa = XCBuildConfiguration;
			buildSettings = {
				INFOPLIST_FILE = CalculatorUITests/Info.plist;
				LD_RUNPATH_SEARCH_PATHS = "$(inherited) @executable_path/Frameworks @loader_path/Frameworks";
				PRODUCT_BUNDLE_IDENTIFIER = besson.CalculatorUITests;
				PRODUCT_NAME = "$(TARGET_NAME)";
				TEST_TARGET_NAME = Calculator;
				USES_XCTRUNNER = YES;
			};
			name = Release;
		};
/* End XCBuildConfiguration section */

/* Begin XCConfigurationList section */
		FA37C1961BEB21080030501C /* Build configuration list for PBXProject "Calculator" */ = {
			isa = XCConfigurationList;
			buildConfigurations = (
				FA37C1C11BEB21080030501C /* Debug */,
				FA37C1C21BEB21080030501C /* Release */,
			);
			defaultConfigurationIsVisible = 0;
			defaultConfigurationName = Release;
		};
		FA37C1C31BEB21080030501C /* Build configuration list for PBXNativeTarget "Calculator" */ = {
			isa = XCConfigurationList;
			buildConfigurations = (
				FA37C1C41BEB21080030501C /* Debug */,
				FA37C1C51BEB21080030501C /* Release */,
			);
			defaultConfigurationIsVisible = 0;
		};
		FA37C1C61BEB21080030501C /* Build configuration list for PBXNativeTarget "CalculatorTests" */ = {
			isa = XCConfigurationList;
			buildConfigurations = (
				FA37C1C71BEB21080030501C /* Debug */,
				FA37C1C81BEB21080030501C /* Release */,
			);
			defaultConfigurationIsVisible = 0;
		};
		FA37C1C91BEB21080030501C /* Build configuration list for PBXNativeTarget "CalculatorUITests" */ = {
			isa = XCConfigurationList;
			buildConfigurations = (
				FA37C1CA1BEB21080030501C /* Debug */,
				FA37C1CB1BEB21080030501C /* Release */,
			);
			defaultConfigurationIsVisible = 0;
		};
/* End XCConfigurationList section */
	};
	rootObject = FA37C1931BEB21080030501C /* Project object */;
}
